
Microsoft Visual Studio Solution File, Format Version 12.00
# Visual Studio Version 16
VisualStudioVersion = 16.0.29709.97
MinimumVisualStudioVersion = 10.0.40219.1
Project("{9A19103F-16F7-4668-BE54-9A1E7A4F7556}") = "Perceptron-Number", "Perceptron-Number\Perceptron-Number.csproj", "{D2133F1D-DEE6-4F88-8BF2-975B499FA4D5}"
EndProject
Project("{2150E333-8FDC-42A3-9474-1A3956D46DE8}") = "Solution Items", "Solution Items", "{58BFC88D-F0BA-48A7-9E65-CEC64A15CA84}"
	ProjectSection(SolutionItems) = preProject
		ReadMe.txt = ReadMe.txt
	EndProjectSection
EndProject
Project("{9A19103F-16F7-4668-BE54-9A1E7A4F7556}") = "Perceptron.Tests", "Perceptron.Tests\Perceptron.Tests.csproj", "{82C661FF-1180-4182-8E87-C01777B03871}"
EndProject
Project("{FAE04EC0-301F-11D3-BF4B-00C04F79EFBC}") = "ImageInput", "ImageInput\ImageInput.csproj", "{FDFFE614-9D6F-414A-AB0B-0FC950EAA32A}"
EndProject
Project("{FAE04EC0-301F-11D3-BF4B-00C04F79EFBC}") = "Runner", "Runner\Runner.csproj", "{A6ADB4D0-2708-4ED9-BC33-D63838B8840C}"
EndProject
Global
	GlobalSection(SolutionConfigurationPlatforms) = preSolution
		Debug|Any CPU = Debug|Any CPU
		Release|Any CPU = Release|Any CPU
	EndGlobalSection
	GlobalSection(ProjectConfigurationPlatforms) = postSolution
		{D2133F1D-DEE6-4F88-8BF2-975B499FA4D5}.Debug|Any CPU.ActiveCfg = Debug|Any CPU
		{D2133F1D-DEE6-4F88-8BF2-975B499FA4D5}.Debug|Any CPU.Build.0 = Debug|Any CPU
		{D2133F1D-DEE6-4F88-8BF2-975B499FA4D5}.Release|Any CPU.ActiveCfg = Release|Any CPU
		{D2133F1D-DEE6-4F88-8BF2-975B499FA4D5}.Release|Any CPU.Build.0 = Release|Any CPU
		{82C661FF-1180-4182-8E87-C01777B03871}.Debug|Any CPU.ActiveCfg = Debug|Any CPU
		{82C661FF-1180-4182-8E87-C01777B03871}.Debug|Any CPU.Build.0 = Debug|Any CPU
		{82C661FF-1180-4182-8E87-C01777B03871}.Release|Any CPU.ActiveCfg = Release|Any CPU
		{82C661FF-1180-4182-8E87-C01777B03871}.Release|Any CPU.Build.0 = Release|Any CPU
		{FDFFE614-9D6F-414A-AB0B-0FC950EAA32A}.Debug|Any CPU.ActiveCfg = Debug|Any CPU
		{FDFFE614-9D6F-414A-AB0B-0FC950EAA32A}.Debug|Any CPU.Build.0 = Debug|Any CPU
		{FDFFE614-9D6F-414A-AB0B-0FC950EAA32A}.Release|Any CPU.ActiveCfg = Release|Any CPU
		{FDFFE614-9D6F-414A-AB0B-0FC950EAA32A}.Release|Any CPU.Build.0 = Release|Any CPU
		{A6ADB4D0-2708-4ED9-BC33-D63838B8840C}.Debug|Any CPU.ActiveCfg = Debug|Any CPU
		{A6ADB4D0-2708-4ED9-BC33-D63838B8840C}.Debug|Any CPU.Build.0 = Debug|Any CPU
		{A6ADB4D0-2708-4ED9-BC33-D63838B8840C}.Release|Any CPU.ActiveCfg = Release|Any CPU
		{A6ADB4D0-2708-4ED9-BC33-D63838B8840C}.Release|Any CPU.Build.0 = Release|Any CPU
	EndGlobalSection
	GlobalSection(SolutionProperties) = preSolution
		HideSolutionNode = FALSE
	EndGlobalSection
	GlobalSection(ExtensibilityGlobals) = postSolution
		SolutionGuid = {88E69DB0-0287-437B-A672-2063EB894F48}
	EndGlobalSection
EndGlobal
